
Microsoft Visual Studio Solution File, Format Version 12.00
# Visual Studio Version 17
VisualStudioVersion = 17.4.33213.308
MinimumVisualStudioVersion = 10.0.40219.1
Project("{FAE04EC0-301F-11D3-BF4B-00C04F79EFBC}") = "LeagueSidemap", "LeagueSidemap.csproj", "{05753BF4-B500-4638-892C-5E30259F70E4}"
EndProject
Global
	GlobalSection(SolutionConfigurationPlatforms) = preSolution
		Debug|Any CPU = Debug|Any CPU
		Release|Any CPU = Release|Any CPU
	EndGlobalSection
	GlobalSection(ProjectConfigurationPlatforms) = postSolution
		{05753BF4-B500-4638-892C-5E30259F70E4}.Debug|Any CPU.ActiveCfg = Debug|Any CPU
		{05753BF4-B500-4638-892C-5E30259F70E4}.Debug|Any CPU.Build.0 = Debug|Any CPU
		{05753BF4-B500-4638-892C-5E30259F70E4}.Release|Any CPU.ActiveCfg = Release|Any CPU
		{05753BF4-B500-4638-892C-5E30259F70E4}.Release|Any CPU.Build.0 = Release|Any CPU
	EndGlobalSection
	GlobalSection(SolutionProperties) = preSolution
		HideSolutionNode = FALSE
	EndGlobalSection
	GlobalSection(ExtensibilityGlobals) = postSolution
		SolutionGuid = {49A71FA4-7CF1-4DD2-A9A4-55597333AF51}
	EndGlobalSection
EndGlobal
